
Microsoft Visual Studio Solution File, Format Version 12.00
# Visual Studio 15
VisualStudioVersion = 15.0.26124.0
MinimumVisualStudioVersion = 15.0.26124.0
Project("{2150E333-8FDC-42A3-9474-1A3956D46DE8}") = ".paket", ".paket", "{BC93DF7E-BD31-43D7-B429-29ECD4A76597}"
	ProjectSection(SolutionItems) = preProject
		paket.dependencies = paket.dependencies
	EndProjectSection
EndProject
Project("{2150E333-8FDC-42A3-9474-1A3956D46DE8}") = "src", "src", "{B0E86F98-B5F8-435E-8A46-A755212C2878}"
EndProject
Project("{FAE04EC0-301F-11D3-BF4B-00C04F79EFBC}") = "MyCarterApp", "src\Lib\MyCarterApp.csproj", "{A5C2D6D4-A177-4BF1-BF29-0993A5D5ADD1}"
EndProject
Project("{2150E333-8FDC-42A3-9474-1A3956D46DE8}") = "tests", "tests", "{59126E2B-BBDD-4E1F-805A-7C096B47CA84}"
EndProject
Project("{FAE04EC0-301F-11D3-BF4B-00C04F79EFBC}") = "MyTests", "tests\MyTests\MyTests.csproj", "{1E0CCC67-8B72-4CAC-9B26-632CD2069434}"
EndProject
Global
	GlobalSection(SolutionConfigurationPlatforms) = preSolution
		Debug|Any CPU = Debug|Any CPU
		Debug|x64 = Debug|x64
		Debug|x86 = Debug|x86
		Release|Any CPU = Release|Any CPU
		Release|x64 = Release|x64
		Release|x86 = Release|x86
	EndGlobalSection
	GlobalSection(SolutionProperties) = preSolution
		HideSolutionNode = FALSE
	EndGlobalSection
	GlobalSection(ProjectConfigurationPlatforms) = postSolution
		{A5C2D6D4-A177-4BF1-BF29-0993A5D5ADD1}.Debug|Any CPU.ActiveCfg = Debug|Any CPU
		{A5C2D6D4-A177-4BF1-BF29-0993A5D5ADD1}.Debug|Any CPU.Build.0 = Debug|Any CPU
		{A5C2D6D4-A177-4BF1-BF29-0993A5D5ADD1}.Debug|x64.ActiveCfg = Debug|Any CPU
		{A5C2D6D4-A177-4BF1-BF29-0993A5D5ADD1}.Debug|x64.Build.0 = Debug|Any CPU
		{A5C2D6D4-A177-4BF1-BF29-0993A5D5ADD1}.Debug|x86.ActiveCfg = Debug|Any CPU
		{A5C2D6D4-A177-4BF1-BF29-0993A5D5ADD1}.Debug|x86.Build.0 = Debug|Any CPU
		{A5C2D6D4-A177-4BF1-BF29-0993A5D5ADD1}.Release|Any CPU.ActiveCfg = Release|Any CPU
		{A5C2D6D4-A177-4BF1-BF29-0993A5D5ADD1}.Release|Any CPU.Build.0 = Release|Any CPU
		{A5C2D6D4-A177-4BF1-BF29-0993A5D5ADD1}.Release|x64.ActiveCfg = Release|Any CPU
		{A5C2D6D4-A177-4BF1-BF29-0993A5D5ADD1}.Release|x64.Build.0 = Release|Any CPU
		{A5C2D6D4-A177-4BF1-BF29-0993A5D5ADD1}.Release|x86.ActiveCfg = Release|Any CPU
		{A5C2D6D4-A177-4BF1-BF29-0993A5D5ADD1}.Release|x86.Build.0 = Release|Any CPU
		{1E0CCC67-8B72-4CAC-9B26-632CD2069434}.Debug|Any CPU.ActiveCfg = Debug|Any CPU
		{1E0CCC67-8B72-4CAC-9B26-632CD2069434}.Debug|Any CPU.Build.0 = Debug|Any CPU
		{1E0CCC67-8B72-4CAC-9B26-632CD2069434}.Debug|x64.ActiveCfg = Debug|Any CPU
		{1E0CCC67-8B72-4CAC-9B26-632CD2069434}.Debug|x64.Build.0 = Debug|Any CPU
		{1E0CCC67-8B72-4CAC-9B26-632CD2069434}.Debug|x86.ActiveCfg = Debug|Any CPU
		{1E0CCC67-8B72-4CAC-9B26-632CD2069434}.Debug|x86.Build.0 = Debug|Any CPU
		{1E0CCC67-8B72-4CAC-9B26-632CD2069434}.Release|Any CPU.ActiveCfg = Release|Any CPU
		{1E0CCC67-8B72-4CAC-9B26-632CD2069434}.Release|Any CPU.Build.0 = Release|Any CPU
		{1E0CCC67-8B72-4CAC-9B26-632CD2069434}.Release|x64.ActiveCfg = Release|Any CPU
		{1E0CCC67-8B72-4CAC-9B26-632CD2069434}.Release|x64.Build.0 = Release|Any CPU
		{1E0CCC67-8B72-4CAC-9B26-632CD2069434}.Release|x86.ActiveCfg = Release|Any CPU
		{1E0CCC67-8B72-4CAC-9B26-632CD2069434}.Release|x86.Build.0 = Release|Any CPU
	EndGlobalSection
	GlobalSection(NestedProjects) = preSolution
		{A5C2D6D4-A177-4BF1-BF29-0993A5D5ADD1} = {B0E86F98-B5F8-435E-8A46-A755212C2878}
		{1E0CCC67-8B72-4CAC-9B26-632CD2069434} = {59126E2B-BBDD-4E1F-805A-7C096B47CA84}
	EndGlobalSection
EndGlobal
